
Microsoft Visual Studio Solution File, Format Version 12.00
# Visual Studio Version 17
VisualStudioVersion = 17.0.32002.185
MinimumVisualStudioVersion = 10.0.40219.1
Project("{FAE04EC0-301F-11D3-BF4B-00C04F79EFBC}") = "ConsoleApp5", "ConsoleApp5\ConsoleApp5.csproj", "{DC77BFF5-3856-476D-8B0C-310D8DF30539}"
EndProject
Global
	GlobalSection(SolutionConfigurationPlatforms) = preSolution
		Debug|Any CPU = Debug|Any CPU
		Release|Any CPU = Release|Any CPU
	EndGlobalSection
	GlobalSection(ProjectConfigurationPlatforms) = postSolution
		{DC77BFF5-3856-476D-8B0C-310D8DF30539}.Debug|Any CPU.ActiveCfg = Debug|Any CPU
		{DC77BFF5-3856-476D-8B0C-310D8DF30539}.Debug|Any CPU.Build.0 = Debug|Any CPU
		{DC77BFF5-3856-476D-8B0C-310D8DF30539}.Release|Any CPU.ActiveCfg = Release|Any CPU
		{DC77BFF5-3856-476D-8B0C-310D8DF30539}.Release|Any CPU.Build.0 = Release|Any CPU
	EndGlobalSection
	GlobalSection(SolutionProperties) = preSolution
		HideSolutionNode = FALSE
	EndGlobalSection
	GlobalSection(ExtensibilityGlobals) = postSolution
		SolutionGuid = {D6196751-6EFC-446F-AD6F-E881E68DEE93}
	EndGlobalSection
EndGlobal
